
Microsoft Visual Studio Solution File, Format Version 12.00
Project("{2150E333-8FDC-42A3-9474-1A3956D46DE8}") = "src", "src", "{19D00898-3D05-4DAF-84AB-DB9E33C1F2F8}"
EndProject
Project("{2150E333-8FDC-42A3-9474-1A3956D46DE8}") = "slnItems", "slnItems", "{9BC0F91C-CE94-44AF-826E-7E454905D868}"
	ProjectSection(SolutionItems) = preProject
		README.md = README.md
		.gitignore = .gitignore
		Directory.Packages.props = Directory.Packages.props
	EndProjectSection
EndProject
Project("{2150E333-8FDC-42A3-9474-1A3956D46DE8}") = "Investigation", "Investigation", "{1CE34B9B-2CD6-4ED8-BE26-68C010859F50}"
EndProject
Project("{FAE04EC0-301F-11D3-BF4B-00C04F79EFBC}") = "TestTests", "src\Investigation\TestTests\TestTests.csproj", "{02606D9A-AC3A-401E-BB5B-F230E564F181}"
EndProject
Project("{FAE04EC0-301F-11D3-BF4B-00C04F79EFBC}") = "TestTestsRunner", "src\Investigation\TestTestsRunner\TestTestsRunner.csproj", "{27EE9E24-672B-4A55-B825-94A4BAABD942}"
EndProject
Project("{2150E333-8FDC-42A3-9474-1A3956D46DE8}") = "Hosts", "Hosts", "{3BBDD525-600A-4F69-AE2C-D01216C04950}"
EndProject
Project("{2150E333-8FDC-42A3-9474-1A3956D46DE8}") = "Public", "Public", "{5D2999A8-2FF8-4EF9-A6F9-B4ACF8A651CA}"
EndProject
Project("{2150E333-8FDC-42A3-9474-1A3956D46DE8}") = "Clients", "Clients", "{363C4F58-A2D6-402F-81A9-2B25E2B3C540}"
EndProject
Project("{2150E333-8FDC-42A3-9474-1A3956D46DE8}") = "Blocks", "Blocks", "{1CAC3358-272B-45DC-A84A-53195B21CAF6}"
EndProject
Project("{2150E333-8FDC-42A3-9474-1A3956D46DE8}") = "Manager", "Manager", "{E3FC0817-5823-46A2-85D0-9DCA815582C8}"
EndProject
Project("{FAE04EC0-301F-11D3-BF4B-00C04F79EFBC}") = "BeaversTests.Manager.Host", "src\Hosts\Manager\BeaversTests.Manager.Host\BeaversTests.Manager.Host.csproj", "{E5E2B7CB-D43B-49EE-AB1D-F19B982969E6}"
EndProject
Project("{2150E333-8FDC-42A3-9474-1A3956D46DE8}") = "Agents", "Agents", "{1A16F592-7F9E-45D8-8F28-F725DAAE5A89}"
EndProject
Project("{2150E333-8FDC-42A3-9474-1A3956D46DE8}") = "Core", "Core", "{A9D0F06B-3B15-4686-8FAD-64150BD95B03}"
EndProject
Global
	GlobalSection(SolutionConfigurationPlatforms) = preSolution
		Debug|Any CPU = Debug|Any CPU
		Release|Any CPU = Release|Any CPU
	EndGlobalSection
	GlobalSection(NestedProjects) = preSolution
		{1CE34B9B-2CD6-4ED8-BE26-68C010859F50} = {19D00898-3D05-4DAF-84AB-DB9E33C1F2F8}
		{02606D9A-AC3A-401E-BB5B-F230E564F181} = {1CE34B9B-2CD6-4ED8-BE26-68C010859F50}
		{27EE9E24-672B-4A55-B825-94A4BAABD942} = {1CE34B9B-2CD6-4ED8-BE26-68C010859F50}
		{3BBDD525-600A-4F69-AE2C-D01216C04950} = {19D00898-3D05-4DAF-84AB-DB9E33C1F2F8}
		{5D2999A8-2FF8-4EF9-A6F9-B4ACF8A651CA} = {19D00898-3D05-4DAF-84AB-DB9E33C1F2F8}
		{363C4F58-A2D6-402F-81A9-2B25E2B3C540} = {19D00898-3D05-4DAF-84AB-DB9E33C1F2F8}
		{1CAC3358-272B-45DC-A84A-53195B21CAF6} = {19D00898-3D05-4DAF-84AB-DB9E33C1F2F8}
		{E3FC0817-5823-46A2-85D0-9DCA815582C8} = {3BBDD525-600A-4F69-AE2C-D01216C04950}
		{E5E2B7CB-D43B-49EE-AB1D-F19B982969E6} = {E3FC0817-5823-46A2-85D0-9DCA815582C8}
		{1A16F592-7F9E-45D8-8F28-F725DAAE5A89} = {3BBDD525-600A-4F69-AE2C-D01216C04950}
		{A9D0F06B-3B15-4686-8FAD-64150BD95B03} = {1CAC3358-272B-45DC-A84A-53195B21CAF6}
	EndGlobalSection
	GlobalSection(ProjectConfigurationPlatforms) = postSolution
		{02606D9A-AC3A-401E-BB5B-F230E564F181}.Debug|Any CPU.ActiveCfg = Debug|Any CPU
		{02606D9A-AC3A-401E-BB5B-F230E564F181}.Debug|Any CPU.Build.0 = Debug|Any CPU
		{02606D9A-AC3A-401E-BB5B-F230E564F181}.Release|Any CPU.ActiveCfg = Release|Any CPU
		{02606D9A-AC3A-401E-BB5B-F230E564F181}.Release|Any CPU.Build.0 = Release|Any CPU
		{27EE9E24-672B-4A55-B825-94A4BAABD942}.Debug|Any CPU.ActiveCfg = Debug|Any CPU
		{27EE9E24-672B-4A55-B825-94A4BAABD942}.Debug|Any CPU.Build.0 = Debug|Any CPU
		{27EE9E24-672B-4A55-B825-94A4BAABD942}.Release|Any CPU.ActiveCfg = Release|Any CPU
		{27EE9E24-672B-4A55-B825-94A4BAABD942}.Release|Any CPU.Build.0 = Release|Any CPU
		{E5E2B7CB-D43B-49EE-AB1D-F19B982969E6}.Debug|Any CPU.ActiveCfg = Debug|Any CPU
		{E5E2B7CB-D43B-49EE-AB1D-F19B982969E6}.Debug|Any CPU.Build.0 = Debug|Any CPU
		{E5E2B7CB-D43B-49EE-AB1D-F19B982969E6}.Release|Any CPU.ActiveCfg = Release|Any CPU
		{E5E2B7CB-D43B-49EE-AB1D-F19B982969E6}.Release|Any CPU.Build.0 = Release|Any CPU
	EndGlobalSection
EndGlobal
