
Microsoft Visual Studio Solution File, Format Version 12.00
# Visual Studio Version 17
VisualStudioVersion = 17.0.31903.59
MinimumVisualStudioVersion = 10.0.40219.1
Project("{2150E333-8FDC-42A3-9474-1A3956D46DE8}") = "src", "src", "{B30D88A3-8E46-4A40-87FA-6C342A043E97}"
EndProject
Project("{2150E333-8FDC-42A3-9474-1A3956D46DE8}") = "solutionItems", "solutionItems", "{6EF3162C-FEA3-466C-90E2-E7615DE2A07D}"
	ProjectSection(SolutionItems) = preProject
		.gitignore = .gitignore
		README.md = README.md
		Directory.Packages.props = Directory.Packages.props
		global.json = global.json
	EndProjectSection
EndProject
Project("{2150E333-8FDC-42A3-9474-1A3956D46DE8}") = "Clients", "Clients", "{365B84E8-8AEA-4049-B01A-213EE141346B}"
EndProject
Project("{2150E333-8FDC-42A3-9474-1A3956D46DE8}") = "Services", "Services", "{13DD5CAA-A70B-4FDF-AF32-16660D1DF259}"
EndProject
Project("{2150E333-8FDC-42A3-9474-1A3956D46DE8}") = "BuildingBlocks", "BuildingBlocks", "{58612AA6-F6EB-4F27-AE05-1CAF3B9B67EC}"
EndProject
Project("{2150E333-8FDC-42A3-9474-1A3956D46DE8}") = "TestRunnerAgent", "TestRunnerAgent", "{431E3AF1-CDDB-4B1F-9E01-7506E018BF72}"
EndProject
Project("{2150E333-8FDC-42A3-9474-1A3956D46DE8}") = "TestRunnerController", "TestRunnerController", "{A0AD2A0F-3C23-4422-B0DB-6A70F3E3C091}"
EndProject
Project("{FAE04EC0-301F-11D3-BF4B-00C04F79EFBC}") = "BeaversTests.TestRunnerController.Api", "src\Services\TestRunnerController\BeaversTests.TestRunnerController.Api\BeaversTests.TestRunnerController.Api.csproj", "{1AFABD30-2269-4719-B636-7444785C52EF}"
EndProject
Project("{FAE04EC0-301F-11D3-BF4B-00C04F79EFBC}") = "BeaversTests.TestRunnerAgent.Api", "src\Services\TestRunnerAgent\BeaversTests.TestRunnerAgent.Api\BeaversTests.TestRunnerAgent.Api.csproj", "{9666A658-4FFE-4EA1-9E0F-A5DF9D8BAEBC}"
EndProject
Project("{2150E333-8FDC-42A3-9474-1A3956D46DE8}") = "TestsManager", "TestsManager", "{A12123AE-C47F-473F-9005-7B3048C87A5F}"
EndProject
Project("{FAE04EC0-301F-11D3-BF4B-00C04F79EFBC}") = "BeaversTests.TestsManager.Api", "src\Services\TestsManager\BeaversTests.TestsManager.Api\BeaversTests.TestsManager.Api.csproj", "{12644D95-41B4-4BF8-BF67-ED66B34F3911}"
EndProject
Project("{FAE04EC0-301F-11D3-BF4B-00C04F79EFBC}") = "BeaversTests.TestsManager.App", "src\Services\TestsManager\BeaversTests.TestsManager.App\BeaversTests.TestsManager.App.csproj", "{F6647C24-AF31-4DBB-99BE-B90FF67DCD54}"
EndProject
Project("{2150E333-8FDC-42A3-9474-1A3956D46DE8}") = "Web", "Web", "{C207BA2C-9021-4169-9B6E-379040095FB1}"
EndProject
Project("{2150E333-8FDC-42A3-9474-1A3956D46DE8}") = "CLI", "CLI", "{DB54F7BB-5041-42C1-BE9B-7220D4B555FF}"
EndProject
Project("{FAE04EC0-301F-11D3-BF4B-00C04F79EFBC}") = "BeaversTests.TestsManager.Core", "src\Services\TestsManager\BeaversTests.TestsManager.Core\BeaversTests.TestsManager.Core.csproj", "{88A8A32F-6E1B-40CF-8216-0242EDAC4992}"
EndProject
Project("{2150E333-8FDC-42A3-9474-1A3956D46DE8}") = "Tests", "Tests", "{D267CBA3-4574-479D-BCF7-3DA400EEA846}"
EndProject
Project("{FAE04EC0-301F-11D3-BF4B-00C04F79EFBC}") = "BeaversTests.TestsManager.UnitTests", "src\Services\TestsManager\Tests\BeaversTests.TestsManager.UnitTests\BeaversTests.TestsManager.UnitTests.csproj", "{73D3B5B4-ED03-4CE7-AC7A-EF13111F17F9}"
EndProject
Project("{FAE04EC0-301F-11D3-BF4B-00C04F79EFBC}") = "BeaversTests.TestsManager.Infrastructure", "src\Services\TestsManager\BeaversTests.TestsManager.Infrastructure\BeaversTests.TestsManager.Infrastructure.csproj", "{9796828E-4222-44B1-8CD0-E1E58C61F9ED}"
EndProject
Project("{FAE04EC0-301F-11D3-BF4B-00C04F79EFBC}") = "BeaversTests.Common.CQRS", "src\BuildingBlocks\BeaversTests.Common.CQRS\BeaversTests.Common.CQRS.csproj", "{77BBAF2B-26AD-4F4F-93D1-4927B912E674}"
EndProject
Project("{2150E333-8FDC-42A3-9474-1A3956D46DE8}") = "ApiGateway", "ApiGateway", "{4C9A3793-BE31-489F-A5F3-771E272F64AF}"
EndProject
Project("{FAE04EC0-301F-11D3-BF4B-00C04F79EFBC}") = "BeaversTests.ApiGateway.Api", "src\ApiGateway\BeaversTests.ApiGateway.Api\BeaversTests.ApiGateway.Api.csproj", "{D6CB0E5C-14BF-474D-B4A9-F60524100E2D}"
EndProject
Project("{2150E333-8FDC-42A3-9474-1A3956D46DE8}") = "Identity", "Identity", "{91D7C596-DE78-4F88-9FEA-37D0B1864699}"
EndProject
Project("{FAE04EC0-301F-11D3-BF4B-00C04F79EFBC}") = "BeaversTests.Identity.Api", "src\Services\Identity\BeaversTests.Identity.Api\BeaversTests.Identity.Api.csproj", "{267585F8-ED55-4A71-BEDA-D5C25DF5D71D}"
EndProject
Project("{FAE04EC0-301F-11D3-BF4B-00C04F79EFBC}") = "BeaversTests.CLI", "src\Clients\CLI\BeaversTests.CLI\BeaversTests.CLI.csproj", "{4C8BEFB1-A738-4393-968E-6CE0B160503F}"
EndProject
Project("{FAE04EC0-301F-11D3-BF4B-00C04F79EFBC}") = "BeaversTests.Identity.App", "src\Services\Identity\BeaversTests.Identity.App\BeaversTests.Identity.App.csproj", "{FADE96AB-A8F2-4F37-A29F-D1852A29B9EA}"
EndProject
Project("{FAE04EC0-301F-11D3-BF4B-00C04F79EFBC}") = "BeaversTests.Identity.Core", "src\Services\Identity\BeaversTests.Identity.Core\BeaversTests.Identity.Core.csproj", "{CE3A5850-9DCF-4452-84A3-E4A93610878D}"
EndProject
Project("{FAE04EC0-301F-11D3-BF4B-00C04F79EFBC}") = "BeaversTests.Identity.Infrastructure", "src\Services\Identity\BeaversTests.Identity.Infrastructure\BeaversTests.Identity.Infrastructure.csproj", "{AB9CA13E-BECB-4376-8CD0-57AD97C174B4}"
EndProject
Project("{FAE04EC0-301F-11D3-BF4B-00C04F79EFBC}") = "BeaversTests.Common.Application", "src\BuildingBlocks\BeaversTests.Common.Application\BeaversTests.Common.Application.csproj", "{64D76B5D-9773-4224-BB56-D9A5184AC587}"
EndProject
Project("{FAE04EC0-301F-11D3-BF4B-00C04F79EFBC}") = "BeaversTests.Extensions", "src\BuildingBlocks\BeaversTests.Extensions\BeaversTests.Extensions.csproj", "{127A6E70-2A98-4186-BE6D-2FED6E093570}"
EndProject
Project("{2150E333-8FDC-42A3-9474-1A3956D46DE8}") = "dev", "dev", "{A0A6453E-24BE-4373-A5CA-D2110EA3E7E2}"
	ProjectSection(SolutionItems) = preProject
		dev\docker-compose.yaml = dev\docker-compose.yaml
	EndProjectSection
EndProject
Project("{FAE04EC0-301F-11D3-BF4B-00C04F79EFBC}") = "BeaversTests.TestDrivers.Internal", "src\BuildingBlocks\BeaversTests.TestDrivers.Internal\BeaversTests.TestDrivers.Internal.csproj", "{2BB250BA-3AE3-4D34-8B9F-D142E64EF225}"
EndProject
Project("{2150E333-8FDC-42A3-9474-1A3956D46DE8}") = "Drivers", "Drivers", "{201C7070-C73B-4507-9A15-AEFBE49CEEAC}"
EndProject
Project("{FAE04EC0-301F-11D3-BF4B-00C04F79EFBC}") = "BeaversTests.NUnit.Driver", "src\BuildingBlocks\Drivers\BeaversTests.NUnit.Driver\BeaversTests.NUnit.Driver.csproj", "{F5DC6024-1CBF-4CB4-BB0D-2F9305E24459}"
EndProject
Project("{FAE04EC0-301F-11D3-BF4B-00C04F79EFBC}") = "BeaversTests.Client", "src\BuildingBlocks\BeaversTests.Client\BeaversTests.Client.csproj", "{CAC1AD00-E321-4D02-87E5-9D43C059AB2F}"
EndProject
Project("{FAE04EC0-301F-11D3-BF4B-00C04F79EFBC}") = "BeaversTests.TestDrivers", "src\BuildingBlocks\BeaversTests.TestDrivers\BeaversTests.TestDrivers.csproj", "{83218378-095F-44FC-9533-51BEAF305F0B}"
EndProject
Project("{2150E333-8FDC-42A3-9474-1A3956D46DE8}") = "MessageBrokers", "MessageBrokers", "{F0134F2C-0177-4D83-8B08-8A96B7426873}"
EndProject
Project("{FAE04EC0-301F-11D3-BF4B-00C04F79EFBC}") = "BeaversTests.RabbitMQ.MessageBroker", "src\BuildingBlocks\MessageBrokers\BeaversTests.RabbitMQ.MessageBroker\BeaversTests.RabbitMQ.MessageBroker.csproj", "{0011FEE1-E691-446A-AE6B-767986C296A3}"
EndProject
Project("{2150E333-8FDC-42A3-9474-1A3956D46DE8}") = "EventStores", "EventStores", "{2124DDA6-2C72-4FE7-9A32-283EAD1B0A28}"
EndProject
Project("{FAE04EC0-301F-11D3-BF4B-00C04F79EFBC}") = "BeaversTests.Postgres.EventStore", "src\BuildingBlocks\EventStores\BeaversTests.Postgres.EventStore\BeaversTests.Postgres.EventStore.csproj", "{62A19887-D1BD-4CB4-B207-55F443067932}"
EndProject
Project("{2150E333-8FDC-42A3-9474-1A3956D46DE8}") = "Events", "Events", "{B11B8DFD-1F61-478F-A5C8-84DADAF1401B}"
EndProject
Project("{FAE04EC0-301F-11D3-BF4B-00C04F79EFBC}") = "BeaversTests.TestsManager.Events", "src\Events\BeaversTests.TestsManager.Events\BeaversTests.TestsManager.Events.csproj", "{609A2A5F-EEC6-44CD-AB38-57E9192CF20B}"
EndProject
Global
	GlobalSection(SolutionConfigurationPlatforms) = preSolution
		Debug|Any CPU = Debug|Any CPU
		Release|Any CPU = Release|Any CPU
	EndGlobalSection
	GlobalSection(SolutionProperties) = preSolution
		HideSolutionNode = FALSE
	EndGlobalSection
	GlobalSection(NestedProjects) = preSolution
		{365B84E8-8AEA-4049-B01A-213EE141346B} = {B30D88A3-8E46-4A40-87FA-6C342A043E97}
		{13DD5CAA-A70B-4FDF-AF32-16660D1DF259} = {B30D88A3-8E46-4A40-87FA-6C342A043E97}
		{58612AA6-F6EB-4F27-AE05-1CAF3B9B67EC} = {B30D88A3-8E46-4A40-87FA-6C342A043E97}
		{431E3AF1-CDDB-4B1F-9E01-7506E018BF72} = {13DD5CAA-A70B-4FDF-AF32-16660D1DF259}
		{A0AD2A0F-3C23-4422-B0DB-6A70F3E3C091} = {13DD5CAA-A70B-4FDF-AF32-16660D1DF259}
		{1AFABD30-2269-4719-B636-7444785C52EF} = {A0AD2A0F-3C23-4422-B0DB-6A70F3E3C091}
		{9666A658-4FFE-4EA1-9E0F-A5DF9D8BAEBC} = {431E3AF1-CDDB-4B1F-9E01-7506E018BF72}
		{A12123AE-C47F-473F-9005-7B3048C87A5F} = {13DD5CAA-A70B-4FDF-AF32-16660D1DF259}
		{12644D95-41B4-4BF8-BF67-ED66B34F3911} = {A12123AE-C47F-473F-9005-7B3048C87A5F}
		{F6647C24-AF31-4DBB-99BE-B90FF67DCD54} = {A12123AE-C47F-473F-9005-7B3048C87A5F}
		{C207BA2C-9021-4169-9B6E-379040095FB1} = {365B84E8-8AEA-4049-B01A-213EE141346B}
		{DB54F7BB-5041-42C1-BE9B-7220D4B555FF} = {365B84E8-8AEA-4049-B01A-213EE141346B}
		{88A8A32F-6E1B-40CF-8216-0242EDAC4992} = {A12123AE-C47F-473F-9005-7B3048C87A5F}
		{D267CBA3-4574-479D-BCF7-3DA400EEA846} = {A12123AE-C47F-473F-9005-7B3048C87A5F}
		{73D3B5B4-ED03-4CE7-AC7A-EF13111F17F9} = {D267CBA3-4574-479D-BCF7-3DA400EEA846}
		{9796828E-4222-44B1-8CD0-E1E58C61F9ED} = {A12123AE-C47F-473F-9005-7B3048C87A5F}
		{77BBAF2B-26AD-4F4F-93D1-4927B912E674} = {58612AA6-F6EB-4F27-AE05-1CAF3B9B67EC}
		{4C9A3793-BE31-489F-A5F3-771E272F64AF} = {B30D88A3-8E46-4A40-87FA-6C342A043E97}
		{D6CB0E5C-14BF-474D-B4A9-F60524100E2D} = {4C9A3793-BE31-489F-A5F3-771E272F64AF}
		{91D7C596-DE78-4F88-9FEA-37D0B1864699} = {13DD5CAA-A70B-4FDF-AF32-16660D1DF259}
		{267585F8-ED55-4A71-BEDA-D5C25DF5D71D} = {91D7C596-DE78-4F88-9FEA-37D0B1864699}
		{4C8BEFB1-A738-4393-968E-6CE0B160503F} = {DB54F7BB-5041-42C1-BE9B-7220D4B555FF}
		{FADE96AB-A8F2-4F37-A29F-D1852A29B9EA} = {91D7C596-DE78-4F88-9FEA-37D0B1864699}
		{CE3A5850-9DCF-4452-84A3-E4A93610878D} = {91D7C596-DE78-4F88-9FEA-37D0B1864699}
		{AB9CA13E-BECB-4376-8CD0-57AD97C174B4} = {91D7C596-DE78-4F88-9FEA-37D0B1864699}
		{64D76B5D-9773-4224-BB56-D9A5184AC587} = {58612AA6-F6EB-4F27-AE05-1CAF3B9B67EC}
		{127A6E70-2A98-4186-BE6D-2FED6E093570} = {58612AA6-F6EB-4F27-AE05-1CAF3B9B67EC}
		{2BB250BA-3AE3-4D34-8B9F-D142E64EF225} = {58612AA6-F6EB-4F27-AE05-1CAF3B9B67EC}
		{201C7070-C73B-4507-9A15-AEFBE49CEEAC} = {58612AA6-F6EB-4F27-AE05-1CAF3B9B67EC}
		{F5DC6024-1CBF-4CB4-BB0D-2F9305E24459} = {201C7070-C73B-4507-9A15-AEFBE49CEEAC}
		{CAC1AD00-E321-4D02-87E5-9D43C059AB2F} = {58612AA6-F6EB-4F27-AE05-1CAF3B9B67EC}
		{83218378-095F-44FC-9533-51BEAF305F0B} = {58612AA6-F6EB-4F27-AE05-1CAF3B9B67EC}
		{F0134F2C-0177-4D83-8B08-8A96B7426873} = {58612AA6-F6EB-4F27-AE05-1CAF3B9B67EC}
		{0011FEE1-E691-446A-AE6B-767986C296A3} = {F0134F2C-0177-4D83-8B08-8A96B7426873}
		{2124DDA6-2C72-4FE7-9A32-283EAD1B0A28} = {58612AA6-F6EB-4F27-AE05-1CAF3B9B67EC}
		{62A19887-D1BD-4CB4-B207-55F443067932} = {2124DDA6-2C72-4FE7-9A32-283EAD1B0A28}
		{B11B8DFD-1F61-478F-A5C8-84DADAF1401B} = {13DD5CAA-A70B-4FDF-AF32-16660D1DF259}
		{609A2A5F-EEC6-44CD-AB38-57E9192CF20B} = {B11B8DFD-1F61-478F-A5C8-84DADAF1401B}
	EndGlobalSection
	GlobalSection(ProjectConfigurationPlatforms) = postSolution
		{1AFABD30-2269-4719-B636-7444785C52EF}.Debug|Any CPU.ActiveCfg = Debug|Any CPU
		{1AFABD30-2269-4719-B636-7444785C52EF}.Debug|Any CPU.Build.0 = Debug|Any CPU
		{1AFABD30-2269-4719-B636-7444785C52EF}.Release|Any CPU.ActiveCfg = Release|Any CPU
		{1AFABD30-2269-4719-B636-7444785C52EF}.Release|Any CPU.Build.0 = Release|Any CPU
		{9666A658-4FFE-4EA1-9E0F-A5DF9D8BAEBC}.Debug|Any CPU.ActiveCfg = Debug|Any CPU
		{9666A658-4FFE-4EA1-9E0F-A5DF9D8BAEBC}.Debug|Any CPU.Build.0 = Debug|Any CPU
		{9666A658-4FFE-4EA1-9E0F-A5DF9D8BAEBC}.Release|Any CPU.ActiveCfg = Release|Any CPU
		{9666A658-4FFE-4EA1-9E0F-A5DF9D8BAEBC}.Release|Any CPU.Build.0 = Release|Any CPU
		{12644D95-41B4-4BF8-BF67-ED66B34F3911}.Debug|Any CPU.ActiveCfg = Debug|Any CPU
		{12644D95-41B4-4BF8-BF67-ED66B34F3911}.Debug|Any CPU.Build.0 = Debug|Any CPU
		{12644D95-41B4-4BF8-BF67-ED66B34F3911}.Release|Any CPU.ActiveCfg = Release|Any CPU
		{12644D95-41B4-4BF8-BF67-ED66B34F3911}.Release|Any CPU.Build.0 = Release|Any CPU
		{F6647C24-AF31-4DBB-99BE-B90FF67DCD54}.Debug|Any CPU.ActiveCfg = Debug|Any CPU
		{F6647C24-AF31-4DBB-99BE-B90FF67DCD54}.Debug|Any CPU.Build.0 = Debug|Any CPU
		{F6647C24-AF31-4DBB-99BE-B90FF67DCD54}.Release|Any CPU.ActiveCfg = Release|Any CPU
		{F6647C24-AF31-4DBB-99BE-B90FF67DCD54}.Release|Any CPU.Build.0 = Release|Any CPU
		{88A8A32F-6E1B-40CF-8216-0242EDAC4992}.Debug|Any CPU.ActiveCfg = Debug|Any CPU
		{88A8A32F-6E1B-40CF-8216-0242EDAC4992}.Debug|Any CPU.Build.0 = Debug|Any CPU
		{88A8A32F-6E1B-40CF-8216-0242EDAC4992}.Release|Any CPU.ActiveCfg = Release|Any CPU
		{88A8A32F-6E1B-40CF-8216-0242EDAC4992}.Release|Any CPU.Build.0 = Release|Any CPU
		{73D3B5B4-ED03-4CE7-AC7A-EF13111F17F9}.Debug|Any CPU.ActiveCfg = Debug|Any CPU
		{73D3B5B4-ED03-4CE7-AC7A-EF13111F17F9}.Debug|Any CPU.Build.0 = Debug|Any CPU
		{73D3B5B4-ED03-4CE7-AC7A-EF13111F17F9}.Release|Any CPU.ActiveCfg = Release|Any CPU
		{73D3B5B4-ED03-4CE7-AC7A-EF13111F17F9}.Release|Any CPU.Build.0 = Release|Any CPU
		{9796828E-4222-44B1-8CD0-E1E58C61F9ED}.Debug|Any CPU.ActiveCfg = Debug|Any CPU
		{9796828E-4222-44B1-8CD0-E1E58C61F9ED}.Debug|Any CPU.Build.0 = Debug|Any CPU
		{9796828E-4222-44B1-8CD0-E1E58C61F9ED}.Release|Any CPU.ActiveCfg = Release|Any CPU
		{9796828E-4222-44B1-8CD0-E1E58C61F9ED}.Release|Any CPU.Build.0 = Release|Any CPU
		{77BBAF2B-26AD-4F4F-93D1-4927B912E674}.Debug|Any CPU.ActiveCfg = Debug|Any CPU
		{77BBAF2B-26AD-4F4F-93D1-4927B912E674}.Debug|Any CPU.Build.0 = Debug|Any CPU
		{77BBAF2B-26AD-4F4F-93D1-4927B912E674}.Release|Any CPU.ActiveCfg = Release|Any CPU
		{77BBAF2B-26AD-4F4F-93D1-4927B912E674}.Release|Any CPU.Build.0 = Release|Any CPU
		{D6CB0E5C-14BF-474D-B4A9-F60524100E2D}.Debug|Any CPU.ActiveCfg = Debug|Any CPU
		{D6CB0E5C-14BF-474D-B4A9-F60524100E2D}.Debug|Any CPU.Build.0 = Debug|Any CPU
		{D6CB0E5C-14BF-474D-B4A9-F60524100E2D}.Release|Any CPU.ActiveCfg = Release|Any CPU
		{D6CB0E5C-14BF-474D-B4A9-F60524100E2D}.Release|Any CPU.Build.0 = Release|Any CPU
		{267585F8-ED55-4A71-BEDA-D5C25DF5D71D}.Debug|Any CPU.ActiveCfg = Debug|Any CPU
		{267585F8-ED55-4A71-BEDA-D5C25DF5D71D}.Debug|Any CPU.Build.0 = Debug|Any CPU
		{267585F8-ED55-4A71-BEDA-D5C25DF5D71D}.Release|Any CPU.ActiveCfg = Release|Any CPU
		{267585F8-ED55-4A71-BEDA-D5C25DF5D71D}.Release|Any CPU.Build.0 = Release|Any CPU
		{4C8BEFB1-A738-4393-968E-6CE0B160503F}.Debug|Any CPU.ActiveCfg = Debug|Any CPU
		{4C8BEFB1-A738-4393-968E-6CE0B160503F}.Debug|Any CPU.Build.0 = Debug|Any CPU
		{4C8BEFB1-A738-4393-968E-6CE0B160503F}.Release|Any CPU.ActiveCfg = Release|Any CPU
		{4C8BEFB1-A738-4393-968E-6CE0B160503F}.Release|Any CPU.Build.0 = Release|Any CPU
		{FADE96AB-A8F2-4F37-A29F-D1852A29B9EA}.Debug|Any CPU.ActiveCfg = Debug|Any CPU
		{FADE96AB-A8F2-4F37-A29F-D1852A29B9EA}.Debug|Any CPU.Build.0 = Debug|Any CPU
		{FADE96AB-A8F2-4F37-A29F-D1852A29B9EA}.Release|Any CPU.ActiveCfg = Release|Any CPU
		{FADE96AB-A8F2-4F37-A29F-D1852A29B9EA}.Release|Any CPU.Build.0 = Release|Any CPU
		{CE3A5850-9DCF-4452-84A3-E4A93610878D}.Debug|Any CPU.ActiveCfg = Debug|Any CPU
		{CE3A5850-9DCF-4452-84A3-E4A93610878D}.Debug|Any CPU.Build.0 = Debug|Any CPU
		{CE3A5850-9DCF-4452-84A3-E4A93610878D}.Release|Any CPU.ActiveCfg = Release|Any CPU
		{CE3A5850-9DCF-4452-84A3-E4A93610878D}.Release|Any CPU.Build.0 = Release|Any CPU
		{AB9CA13E-BECB-4376-8CD0-57AD97C174B4}.Debug|Any CPU.ActiveCfg = Debug|Any CPU
		{AB9CA13E-BECB-4376-8CD0-57AD97C174B4}.Debug|Any CPU.Build.0 = Debug|Any CPU
		{AB9CA13E-BECB-4376-8CD0-57AD97C174B4}.Release|Any CPU.ActiveCfg = Release|Any CPU
		{AB9CA13E-BECB-4376-8CD0-57AD97C174B4}.Release|Any CPU.Build.0 = Release|Any CPU
		{64D76B5D-9773-4224-BB56-D9A5184AC587}.Debug|Any CPU.ActiveCfg = Debug|Any CPU
		{64D76B5D-9773-4224-BB56-D9A5184AC587}.Debug|Any CPU.Build.0 = Debug|Any CPU
		{64D76B5D-9773-4224-BB56-D9A5184AC587}.Release|Any CPU.ActiveCfg = Release|Any CPU
		{64D76B5D-9773-4224-BB56-D9A5184AC587}.Release|Any CPU.Build.0 = Release|Any CPU
		{127A6E70-2A98-4186-BE6D-2FED6E093570}.Debug|Any CPU.ActiveCfg = Debug|Any CPU
		{127A6E70-2A98-4186-BE6D-2FED6E093570}.Debug|Any CPU.Build.0 = Debug|Any CPU
		{127A6E70-2A98-4186-BE6D-2FED6E093570}.Release|Any CPU.ActiveCfg = Release|Any CPU
		{127A6E70-2A98-4186-BE6D-2FED6E093570}.Release|Any CPU.Build.0 = Release|Any CPU
		{2BB250BA-3AE3-4D34-8B9F-D142E64EF225}.Debug|Any CPU.ActiveCfg = Debug|Any CPU
		{2BB250BA-3AE3-4D34-8B9F-D142E64EF225}.Debug|Any CPU.Build.0 = Debug|Any CPU
		{2BB250BA-3AE3-4D34-8B9F-D142E64EF225}.Release|Any CPU.ActiveCfg = Release|Any CPU
		{2BB250BA-3AE3-4D34-8B9F-D142E64EF225}.Release|Any CPU.Build.0 = Release|Any CPU
		{F5DC6024-1CBF-4CB4-BB0D-2F9305E24459}.Debug|Any CPU.ActiveCfg = Debug|Any CPU
		{F5DC6024-1CBF-4CB4-BB0D-2F9305E24459}.Debug|Any CPU.Build.0 = Debug|Any CPU
		{F5DC6024-1CBF-4CB4-BB0D-2F9305E24459}.Release|Any CPU.ActiveCfg = Release|Any CPU
		{F5DC6024-1CBF-4CB4-BB0D-2F9305E24459}.Release|Any CPU.Build.0 = Release|Any CPU
		{CAC1AD00-E321-4D02-87E5-9D43C059AB2F}.Debug|Any CPU.ActiveCfg = Debug|Any CPU
		{CAC1AD00-E321-4D02-87E5-9D43C059AB2F}.Debug|Any CPU.Build.0 = Debug|Any CPU
		{CAC1AD00-E321-4D02-87E5-9D43C059AB2F}.Release|Any CPU.ActiveCfg = Release|Any CPU
		{CAC1AD00-E321-4D02-87E5-9D43C059AB2F}.Release|Any CPU.Build.0 = Release|Any CPU
		{83218378-095F-44FC-9533-51BEAF305F0B}.Debug|Any CPU.ActiveCfg = Debug|Any CPU
		{83218378-095F-44FC-9533-51BEAF305F0B}.Debug|Any CPU.Build.0 = Debug|Any CPU
		{83218378-095F-44FC-9533-51BEAF305F0B}.Release|Any CPU.ActiveCfg = Release|Any CPU
		{83218378-095F-44FC-9533-51BEAF305F0B}.Release|Any CPU.Build.0 = Release|Any CPU
		{0011FEE1-E691-446A-AE6B-767986C296A3}.Debug|Any CPU.ActiveCfg = Debug|Any CPU
		{0011FEE1-E691-446A-AE6B-767986C296A3}.Debug|Any CPU.Build.0 = Debug|Any CPU
		{0011FEE1-E691-446A-AE6B-767986C296A3}.Release|Any CPU.ActiveCfg = Release|Any CPU
		{0011FEE1-E691-446A-AE6B-767986C296A3}.Release|Any CPU.Build.0 = Release|Any CPU
		{62A19887-D1BD-4CB4-B207-55F443067932}.Debug|Any CPU.ActiveCfg = Debug|Any CPU
		{62A19887-D1BD-4CB4-B207-55F443067932}.Debug|Any CPU.Build.0 = Debug|Any CPU
		{62A19887-D1BD-4CB4-B207-55F443067932}.Release|Any CPU.ActiveCfg = Release|Any CPU
		{62A19887-D1BD-4CB4-B207-55F443067932}.Release|Any CPU.Build.0 = Release|Any CPU
		{609A2A5F-EEC6-44CD-AB38-57E9192CF20B}.Debug|Any CPU.ActiveCfg = Debug|Any CPU
		{609A2A5F-EEC6-44CD-AB38-57E9192CF20B}.Debug|Any CPU.Build.0 = Debug|Any CPU
		{609A2A5F-EEC6-44CD-AB38-57E9192CF20B}.Release|Any CPU.ActiveCfg = Release|Any CPU
		{609A2A5F-EEC6-44CD-AB38-57E9192CF20B}.Release|Any CPU.Build.0 = Release|Any CPU
	EndGlobalSection
EndGlobal
