
Microsoft Visual Studio Solution File, Format Version 12.00
# Visual Studio Version 17
VisualStudioVersion = 17.0.31903.59
MinimumVisualStudioVersion = 10.0.40219.1
Project("{2150E333-8FDC-42A3-9474-1A3956D46DE8}") = "src", "src", "{B30D88A3-8E46-4A40-87FA-6C342A043E97}"
EndProject
Project("{2150E333-8FDC-42A3-9474-1A3956D46DE8}") = "solutionItems", "solutionItems", "{6EF3162C-FEA3-466C-90E2-E7615DE2A07D}"
	ProjectSection(SolutionItems) = preProject
		.gitignore = .gitignore
	EndProjectSection
EndProject
Project("{2150E333-8FDC-42A3-9474-1A3956D46DE8}") = "Clients", "Clients", "{365B84E8-8AEA-4049-B01A-213EE141346B}"
EndProject
Project("{2150E333-8FDC-42A3-9474-1A3956D46DE8}") = "Services", "Services", "{13DD5CAA-A70B-4FDF-AF32-16660D1DF259}"
EndProject
Project("{2150E333-8FDC-42A3-9474-1A3956D46DE8}") = "BuildingBlocks", "BuildingBlocks", "{58612AA6-F6EB-4F27-AE05-1CAF3B9B67EC}"
EndProject
Project("{2150E333-8FDC-42A3-9474-1A3956D46DE8}") = "TestRunnerAgent", "TestRunnerAgent", "{431E3AF1-CDDB-4B1F-9E01-7506E018BF72}"
EndProject
Project("{2150E333-8FDC-42A3-9474-1A3956D46DE8}") = "TestRunnerController", "TestRunnerController", "{A0AD2A0F-3C23-4422-B0DB-6A70F3E3C091}"
EndProject
Project("{FAE04EC0-301F-11D3-BF4B-00C04F79EFBC}") = "BeaversTests.TestRunnerController.Api", "src\Services\TestRunnerController\BeaversTests.TestRunnerController.Api\BeaversTests.TestRunnerController.Api.csproj", "{1AFABD30-2269-4719-B636-7444785C52EF}"
EndProject
Project("{FAE04EC0-301F-11D3-BF4B-00C04F79EFBC}") = "BeaversTests.TestRunnerAgent.Api", "src\Services\TestRunnerAgent\BeaversTests.TestRunnerAgent.Api\BeaversTests.TestRunnerAgent.Api.csproj", "{9666A658-4FFE-4EA1-9E0F-A5DF9D8BAEBC}"
EndProject
Project("{2150E333-8FDC-42A3-9474-1A3956D46DE8}") = "TestsManager", "TestsManager", "{A12123AE-C47F-473F-9005-7B3048C87A5F}"
EndProject
Project("{FAE04EC0-301F-11D3-BF4B-00C04F79EFBC}") = "BeaversTests.TestsManager.Api", "src\Services\TestsManager\BeaversTests.TestsManager.Api\BeaversTests.TestsManager.Api.csproj", "{12644D95-41B4-4BF8-BF67-ED66B34F3911}"
EndProject
Project("{FAE04EC0-301F-11D3-BF4B-00C04F79EFBC}") = "BeaversTests.TestsManager.App", "src\Services\TestsManager\BeaversTests.TestsManager.App\BeaversTests.TestsManager.App.csproj", "{F6647C24-AF31-4DBB-99BE-B90FF67DCD54}"
EndProject
Project("{2150E333-8FDC-42A3-9474-1A3956D46DE8}") = "Web", "Web", "{C207BA2C-9021-4169-9B6E-379040095FB1}"
EndProject
Project("{2150E333-8FDC-42A3-9474-1A3956D46DE8}") = "CLI", "CLI", "{DB54F7BB-5041-42C1-BE9B-7220D4B555FF}"
EndProject
Project("{FAE04EC0-301F-11D3-BF4B-00C04F79EFBC}") = "BeaversTests.TestsManager.Core", "src\Services\TestsManager\BeaversTests.TestsManager.Core\BeaversTests.TestsManager.Core.csproj", "{88A8A32F-6E1B-40CF-8216-0242EDAC4992}"
EndProject
Project("{2150E333-8FDC-42A3-9474-1A3956D46DE8}") = "Tests", "Tests", "{D267CBA3-4574-479D-BCF7-3DA400EEA846}"
EndProject
Project("{FAE04EC0-301F-11D3-BF4B-00C04F79EFBC}") = "BeaversTests.TestsManager.UnitTests", "src\Services\TestsManager\Tests\BeaversTests.TestsManager.UnitTests\BeaversTests.TestsManager.UnitTests.csproj", "{73D3B5B4-ED03-4CE7-AC7A-EF13111F17F9}"
EndProject
Global
	GlobalSection(SolutionConfigurationPlatforms) = preSolution
		Debug|Any CPU = Debug|Any CPU
		Release|Any CPU = Release|Any CPU
	EndGlobalSection
	GlobalSection(SolutionProperties) = preSolution
		HideSolutionNode = FALSE
	EndGlobalSection
	GlobalSection(NestedProjects) = preSolution
		{365B84E8-8AEA-4049-B01A-213EE141346B} = {B30D88A3-8E46-4A40-87FA-6C342A043E97}
		{13DD5CAA-A70B-4FDF-AF32-16660D1DF259} = {B30D88A3-8E46-4A40-87FA-6C342A043E97}
		{58612AA6-F6EB-4F27-AE05-1CAF3B9B67EC} = {B30D88A3-8E46-4A40-87FA-6C342A043E97}
		{431E3AF1-CDDB-4B1F-9E01-7506E018BF72} = {13DD5CAA-A70B-4FDF-AF32-16660D1DF259}
		{A0AD2A0F-3C23-4422-B0DB-6A70F3E3C091} = {13DD5CAA-A70B-4FDF-AF32-16660D1DF259}
		{1AFABD30-2269-4719-B636-7444785C52EF} = {A0AD2A0F-3C23-4422-B0DB-6A70F3E3C091}
		{9666A658-4FFE-4EA1-9E0F-A5DF9D8BAEBC} = {431E3AF1-CDDB-4B1F-9E01-7506E018BF72}
		{A12123AE-C47F-473F-9005-7B3048C87A5F} = {13DD5CAA-A70B-4FDF-AF32-16660D1DF259}
		{12644D95-41B4-4BF8-BF67-ED66B34F3911} = {A12123AE-C47F-473F-9005-7B3048C87A5F}
		{F6647C24-AF31-4DBB-99BE-B90FF67DCD54} = {A12123AE-C47F-473F-9005-7B3048C87A5F}
		{C207BA2C-9021-4169-9B6E-379040095FB1} = {365B84E8-8AEA-4049-B01A-213EE141346B}
		{DB54F7BB-5041-42C1-BE9B-7220D4B555FF} = {365B84E8-8AEA-4049-B01A-213EE141346B}
		{88A8A32F-6E1B-40CF-8216-0242EDAC4992} = {A12123AE-C47F-473F-9005-7B3048C87A5F}
		{D267CBA3-4574-479D-BCF7-3DA400EEA846} = {A12123AE-C47F-473F-9005-7B3048C87A5F}
		{73D3B5B4-ED03-4CE7-AC7A-EF13111F17F9} = {D267CBA3-4574-479D-BCF7-3DA400EEA846}
	EndGlobalSection
	GlobalSection(ProjectConfigurationPlatforms) = postSolution
		{1AFABD30-2269-4719-B636-7444785C52EF}.Debug|Any CPU.ActiveCfg = Debug|Any CPU
		{1AFABD30-2269-4719-B636-7444785C52EF}.Debug|Any CPU.Build.0 = Debug|Any CPU
		{1AFABD30-2269-4719-B636-7444785C52EF}.Release|Any CPU.ActiveCfg = Release|Any CPU
		{1AFABD30-2269-4719-B636-7444785C52EF}.Release|Any CPU.Build.0 = Release|Any CPU
		{9666A658-4FFE-4EA1-9E0F-A5DF9D8BAEBC}.Debug|Any CPU.ActiveCfg = Debug|Any CPU
		{9666A658-4FFE-4EA1-9E0F-A5DF9D8BAEBC}.Debug|Any CPU.Build.0 = Debug|Any CPU
		{9666A658-4FFE-4EA1-9E0F-A5DF9D8BAEBC}.Release|Any CPU.ActiveCfg = Release|Any CPU
		{9666A658-4FFE-4EA1-9E0F-A5DF9D8BAEBC}.Release|Any CPU.Build.0 = Release|Any CPU
		{12644D95-41B4-4BF8-BF67-ED66B34F3911}.Debug|Any CPU.ActiveCfg = Debug|Any CPU
		{12644D95-41B4-4BF8-BF67-ED66B34F3911}.Debug|Any CPU.Build.0 = Debug|Any CPU
		{12644D95-41B4-4BF8-BF67-ED66B34F3911}.Release|Any CPU.ActiveCfg = Release|Any CPU
		{12644D95-41B4-4BF8-BF67-ED66B34F3911}.Release|Any CPU.Build.0 = Release|Any CPU
		{F6647C24-AF31-4DBB-99BE-B90FF67DCD54}.Debug|Any CPU.ActiveCfg = Debug|Any CPU
		{F6647C24-AF31-4DBB-99BE-B90FF67DCD54}.Debug|Any CPU.Build.0 = Debug|Any CPU
		{F6647C24-AF31-4DBB-99BE-B90FF67DCD54}.Release|Any CPU.ActiveCfg = Release|Any CPU
		{F6647C24-AF31-4DBB-99BE-B90FF67DCD54}.Release|Any CPU.Build.0 = Release|Any CPU
		{88A8A32F-6E1B-40CF-8216-0242EDAC4992}.Debug|Any CPU.ActiveCfg = Debug|Any CPU
		{88A8A32F-6E1B-40CF-8216-0242EDAC4992}.Debug|Any CPU.Build.0 = Debug|Any CPU
		{88A8A32F-6E1B-40CF-8216-0242EDAC4992}.Release|Any CPU.ActiveCfg = Release|Any CPU
		{88A8A32F-6E1B-40CF-8216-0242EDAC4992}.Release|Any CPU.Build.0 = Release|Any CPU
		{73D3B5B4-ED03-4CE7-AC7A-EF13111F17F9}.Debug|Any CPU.ActiveCfg = Debug|Any CPU
		{73D3B5B4-ED03-4CE7-AC7A-EF13111F17F9}.Debug|Any CPU.Build.0 = Debug|Any CPU
		{73D3B5B4-ED03-4CE7-AC7A-EF13111F17F9}.Release|Any CPU.ActiveCfg = Release|Any CPU
		{73D3B5B4-ED03-4CE7-AC7A-EF13111F17F9}.Release|Any CPU.Build.0 = Release|Any CPU
	EndGlobalSection
EndGlobal
